
Microsoft Visual Studio Solution File, Format Version 12.00
# Visual Studio Version 17
VisualStudioVersion = 17.1.32421.90
MinimumVisualStudioVersion = 10.0.40219.1
Project("{9A19103F-16F7-4668-BE54-9A1E7A4F7556}") = "ContactBook.WebDriverTests", "ContactBook.WebDriverTests\ContactBook.WebDriverTests.csproj", "{BB801401-5904-48A9-A283-1E5246E4266E}"
EndProject
Project("{9A19103F-16F7-4668-BE54-9A1E7A4F7556}") = "ContactBook.MobileUITests", "ContactBook.MobileUITests\ContactBook.MobileUITests.csproj", "{80A75ED8-A0F5-4606-A785-470F0947DE56}"
EndProject
Project("{9A19103F-16F7-4668-BE54-9A1E7A4F7556}") = "ContactBook.RestAPITests", "ContactBook.RestAPITests\ContactBook.RestAPITests.csproj", "{0CDB1B71-9B4A-4FB3-AF79-D1F6236E6C1A}"
EndProject
Project("{FAE04EC0-301F-11D3-BF4B-00C04F79EFBC}") = "ContactBook.DesktopUITests", "ContactBook.DesktopUITests\ContactBook.DesktopUITests.csproj", "{BFD975DF-5F56-4999-BDD6-FD910C79CFA1}"
EndProject
Global
	GlobalSection(SolutionConfigurationPlatforms) = preSolution
		Debug|Any CPU = Debug|Any CPU
		Release|Any CPU = Release|Any CPU
	EndGlobalSection
	GlobalSection(ProjectConfigurationPlatforms) = postSolution
		{BB801401-5904-48A9-A283-1E5246E4266E}.Debug|Any CPU.ActiveCfg = Debug|Any CPU
		{BB801401-5904-48A9-A283-1E5246E4266E}.Debug|Any CPU.Build.0 = Debug|Any CPU
		{BB801401-5904-48A9-A283-1E5246E4266E}.Release|Any CPU.ActiveCfg = Release|Any CPU
		{BB801401-5904-48A9-A283-1E5246E4266E}.Release|Any CPU.Build.0 = Release|Any CPU
		{80A75ED8-A0F5-4606-A785-470F0947DE56}.Debug|Any CPU.ActiveCfg = Debug|Any CPU
		{80A75ED8-A0F5-4606-A785-470F0947DE56}.Debug|Any CPU.Build.0 = Debug|Any CPU
		{80A75ED8-A0F5-4606-A785-470F0947DE56}.Release|Any CPU.ActiveCfg = Release|Any CPU
		{80A75ED8-A0F5-4606-A785-470F0947DE56}.Release|Any CPU.Build.0 = Release|Any CPU
		{0CDB1B71-9B4A-4FB3-AF79-D1F6236E6C1A}.Debug|Any CPU.ActiveCfg = Debug|Any CPU
		{0CDB1B71-9B4A-4FB3-AF79-D1F6236E6C1A}.Debug|Any CPU.Build.0 = Debug|Any CPU
		{0CDB1B71-9B4A-4FB3-AF79-D1F6236E6C1A}.Release|Any CPU.ActiveCfg = Release|Any CPU
		{0CDB1B71-9B4A-4FB3-AF79-D1F6236E6C1A}.Release|Any CPU.Build.0 = Release|Any CPU
		{BFD975DF-5F56-4999-BDD6-FD910C79CFA1}.Debug|Any CPU.ActiveCfg = Debug|Any CPU
		{BFD975DF-5F56-4999-BDD6-FD910C79CFA1}.Debug|Any CPU.Build.0 = Debug|Any CPU
		{BFD975DF-5F56-4999-BDD6-FD910C79CFA1}.Release|Any CPU.ActiveCfg = Release|Any CPU
		{BFD975DF-5F56-4999-BDD6-FD910C79CFA1}.Release|Any CPU.Build.0 = Release|Any CPU
	EndGlobalSection
	GlobalSection(SolutionProperties) = preSolution
		HideSolutionNode = FALSE
	EndGlobalSection
	GlobalSection(ExtensibilityGlobals) = postSolution
		SolutionGuid = {2D7B5084-38F8-4F63-A9D9-ED86B3B40C92}
	EndGlobalSection
EndGlobal
